
Microsoft Visual Studio Solution File, Format Version 12.00
# Visual Studio 15
VisualStudioVersion = 15.0.28010.2041
MinimumVisualStudioVersion = 10.0.40219.1
Project("{FAE04EC0-301F-11D3-BF4B-00C04F79EFBC}") = "MVC", "MVC\MVC.csproj", "{4B79C09A-8844-4E8C-8F19-7D974438E308}"
EndProject
Global
	GlobalSection(SolutionConfigurationPlatforms) = preSolution
		Debug|Any CPU = Debug|Any CPU
		Release|Any CPU = Release|Any CPU
	EndGlobalSection
	GlobalSection(ProjectConfigurationPlatforms) = postSolution
		{4B79C09A-8844-4E8C-8F19-7D974438E308}.Debug|Any CPU.ActiveCfg = Debug|Any CPU
		{4B79C09A-8844-4E8C-8F19-7D974438E308}.Debug|Any CPU.Build.0 = Debug|Any CPU
		{4B79C09A-8844-4E8C-8F19-7D974438E308}.Release|Any CPU.ActiveCfg = Release|Any CPU
		{4B79C09A-8844-4E8C-8F19-7D974438E308}.Release|Any CPU.Build.0 = Release|Any CPU
	EndGlobalSection
	GlobalSection(SolutionProperties) = preSolution
		HideSolutionNode = FALSE
	EndGlobalSection
	GlobalSection(ExtensibilityGlobals) = postSolution
		SolutionGuid = {75732E6D-3579-40D8-A0D9-39C9E8BEA765}
	EndGlobalSection
EndGlobal
